<?xml version="1.0" encoding="utf-8"?>
<Project ToolsVersion="4.0" xmlns="http://schemas.microsoft.com/developer/msbuild/2003">
  <ItemGroup>
    <Filter Include="Source Files">
      <UniqueIdentifier>{4FC737F1-C7A5-4376-A066-2A32D752A2FF}</UniqueIdentifier>
      <Extensions>cpp;c;cc;cxx;def;odl;idl;hpj;bat;asm;asmx</Extensions>
    </Filter>
    <Filter Include="Header Files">
      <UniqueIdentifier>{93995380-89BD-4b04-88EB-625FBE52EBFB}</UniqueIdentifier>
      <Extensions>h;hh;hpp;hxx;hm;inl;inc;xsd</Extensions>
    </Filter>
    <Filter Include="Resource Files">
      <UniqueIdentifier>{67DA6AB6-F800-4c08-8B7A-83BB121AAD01}</UniqueIdentifier>
      <Extensions>rc;ico;cur;bmp;dlg;rc2;rct;bin;rgs;gif;jpg;jpeg;jpe;resx;tiff;tif;png;wav;mfcribbon-ms</Extensions>
    </Filter>
    <Filter Include="Source Files\seclib">
      <UniqueIdentifier>{bcf11dac-2e7e-4825-8aa7-7dc012707339}</UniqueIdentifier>
    </Filter>
    <Filter Include="Header Files\seclib">
      <UniqueIdentifier>{26215c05-b5fa-44d0-b212-55a32a288bdb}</UniqueIdentifier>
    </Filter>
  </ItemGroup>
  <ItemGroup>
    <ClCompile Include="seclib\seclib_src\seclib.c">
      <Filter>Source Files\seclib</Filter>
    </ClCompile>
    <ClCompile Include="seclib\seclib_src\srclib_win32.cpp">
      <Filter>Source Files\seclib</Filter>
    </ClCompile>
    <ClCompile Include="EtherMirror.c">
      <Filter>Source Files</Filter>
    </ClCompile>
    <ClCompile Include="temp.c">
      <Filter>Source Files</Filter>
    </ClCompile>
    <ClCompile Include="EMSvc.c">
      <Filter>Source Files</Filter>
    </ClCompile>
  </ItemGroup>
  <ItemGroup>
    <ClInclude Include="seclib\seclib_src\seclib.h">
      <Filter>Header Files\seclib</Filter>
    </ClInclude>
    <ClInclude Include="project.h">
      <Filter>Header Files</Filter>
    </ClInclude>
    <ClInclude Include="EtherMirror.h">
      <Filter>Header Files</Filter>
    </ClInclude>
    <ClInclude Include="project_types.h">
      <Filter>Header Files</Filter>
    </ClInclude>
    <ClInclude Include="temp.h">
      <Filter>Header Files</Filter>
    </ClInclude>
    <ClInclude Include="EMSvc.h">
      <Filter>Header Files</Filter>
    </ClInclude>
  </ItemGroup>
</Project>